
Microsoft Visual Studio Solution File, Format Version 12.00
# Visual Studio Version 16
VisualStudioVersion = 16.0.31019.35
MinimumVisualStudioVersion = 10.0.40219.1
Project("{FAE04EC0-301F-11D3-BF4B-00C04F79EFBC}") = "ontap1", "ontap1\ontap1.csproj", "{B68A80D1-58F0-43C5-8ED3-D6ECAB511903}"
EndProject
Global
	GlobalSection(SolutionConfigurationPlatforms) = preSolution
		Debug|Any CPU = Debug|Any CPU
		Release|Any CPU = Release|Any CPU
	EndGlobalSection
	GlobalSection(ProjectConfigurationPlatforms) = postSolution
		{B68A80D1-58F0-43C5-8ED3-D6ECAB511903}.Debug|Any CPU.ActiveCfg = Debug|Any CPU
		{B68A80D1-58F0-43C5-8ED3-D6ECAB511903}.Debug|Any CPU.Build.0 = Debug|Any CPU
		{B68A80D1-58F0-43C5-8ED3-D6ECAB511903}.Release|Any CPU.ActiveCfg = Release|Any CPU
		{B68A80D1-58F0-43C5-8ED3-D6ECAB511903}.Release|Any CPU.Build.0 = Release|Any CPU
	EndGlobalSection
	GlobalSection(SolutionProperties) = preSolution
		HideSolutionNode = FALSE
	EndGlobalSection
	GlobalSection(ExtensibilityGlobals) = postSolution
		SolutionGuid = {49333ACC-D56E-40CA-BFC5-0D608C5ECA64}
	EndGlobalSection
EndGlobal
